
Microsoft Visual Studio Solution File, Format Version 12.00
# Visual Studio 15
VisualStudioVersion = 15.0.26124.0
MinimumVisualStudioVersion = 15.0.26124.0
Project("{FAE04EC0-301F-11D3-BF4B-00C04F79EFBC}") = "CSProjOrganizer", "csproj-organizer\csproj-organizer.csproj", "{B4842C2B-527C-4177-B521-71428069B161}"
EndProject
Project("{FAE04EC0-301F-11D3-BF4B-00C04F79EFBC}") = "CSProjOrganizer.Tests", "csproj-organizer.tests\csproj-organizer.tests.csproj", "{1DA67FDE-4B07-403E-BA11-BBFF84BAD07A}"
EndProject
Global
	GlobalSection(SolutionConfigurationPlatforms) = preSolution
		Debug|Any CPU = Debug|Any CPU
		Debug|x64 = Debug|x64
		Debug|x86 = Debug|x86
		Release|Any CPU = Release|Any CPU
		Release|x64 = Release|x64
		Release|x86 = Release|x86
	EndGlobalSection
	GlobalSection(SolutionProperties) = preSolution
		HideSolutionNode = FALSE
	EndGlobalSection
	GlobalSection(ProjectConfigurationPlatforms) = postSolution
		{B4842C2B-527C-4177-B521-71428069B161}.Debug|Any CPU.ActiveCfg = Debug|Any CPU
		{B4842C2B-527C-4177-B521-71428069B161}.Debug|Any CPU.Build.0 = Debug|Any CPU
		{B4842C2B-527C-4177-B521-71428069B161}.Debug|x64.ActiveCfg = Debug|Any CPU
		{B4842C2B-527C-4177-B521-71428069B161}.Debug|x64.Build.0 = Debug|Any CPU
		{B4842C2B-527C-4177-B521-71428069B161}.Debug|x86.ActiveCfg = Debug|Any CPU
		{B4842C2B-527C-4177-B521-71428069B161}.Debug|x86.Build.0 = Debug|Any CPU
		{B4842C2B-527C-4177-B521-71428069B161}.Release|Any CPU.ActiveCfg = Release|Any CPU
		{B4842C2B-527C-4177-B521-71428069B161}.Release|Any CPU.Build.0 = Release|Any CPU
		{B4842C2B-527C-4177-B521-71428069B161}.Release|x64.ActiveCfg = Release|Any CPU
		{B4842C2B-527C-4177-B521-71428069B161}.Release|x64.Build.0 = Release|Any CPU
		{B4842C2B-527C-4177-B521-71428069B161}.Release|x86.ActiveCfg = Release|Any CPU
		{B4842C2B-527C-4177-B521-71428069B161}.Release|x86.Build.0 = Release|Any CPU
		{1DA67FDE-4B07-403E-BA11-BBFF84BAD07A}.Debug|Any CPU.ActiveCfg = Debug|Any CPU
		{1DA67FDE-4B07-403E-BA11-BBFF84BAD07A}.Debug|Any CPU.Build.0 = Debug|Any CPU
		{1DA67FDE-4B07-403E-BA11-BBFF84BAD07A}.Debug|x64.ActiveCfg = Debug|Any CPU
		{1DA67FDE-4B07-403E-BA11-BBFF84BAD07A}.Debug|x64.Build.0 = Debug|Any CPU
		{1DA67FDE-4B07-403E-BA11-BBFF84BAD07A}.Debug|x86.ActiveCfg = Debug|Any CPU
		{1DA67FDE-4B07-403E-BA11-BBFF84BAD07A}.Debug|x86.Build.0 = Debug|Any CPU
		{1DA67FDE-4B07-403E-BA11-BBFF84BAD07A}.Release|Any CPU.ActiveCfg = Release|Any CPU
		{1DA67FDE-4B07-403E-BA11-BBFF84BAD07A}.Release|Any CPU.Build.0 = Release|Any CPU
		{1DA67FDE-4B07-403E-BA11-BBFF84BAD07A}.Release|x64.ActiveCfg = Release|Any CPU
		{1DA67FDE-4B07-403E-BA11-BBFF84BAD07A}.Release|x64.Build.0 = Release|Any CPU
		{1DA67FDE-4B07-403E-BA11-BBFF84BAD07A}.Release|x86.ActiveCfg = Release|Any CPU
		{1DA67FDE-4B07-403E-BA11-BBFF84BAD07A}.Release|x86.Build.0 = Release|Any CPU
	EndGlobalSection
EndGlobal
